
Microsoft Visual Studio Solution File, Format Version 12.00
# Visual Studio Version 16
VisualStudioVersion = 16.0.809.5
MinimumVisualStudioVersion = 10.0.40219.1
Project("{FAE04EC0-301F-11D3-BF4B-00C04F79EFBC}") = "BackendApp", "BackendApp\BackendApp.csproj", "{549B587A-A8D9-404D-819F-84D7EDC674F8}"
EndProject
Global
	GlobalSection(SolutionConfigurationPlatforms) = preSolution
		Debug|Any CPU = Debug|Any CPU
		Release|Any CPU = Release|Any CPU
	EndGlobalSection
	GlobalSection(ProjectConfigurationPlatforms) = postSolution
		{549B587A-A8D9-404D-819F-84D7EDC674F8}.Debug|Any CPU.ActiveCfg = Debug|Any CPU
		{549B587A-A8D9-404D-819F-84D7EDC674F8}.Debug|Any CPU.Build.0 = Debug|Any CPU
		{549B587A-A8D9-404D-819F-84D7EDC674F8}.Release|Any CPU.ActiveCfg = Release|Any CPU
		{549B587A-A8D9-404D-819F-84D7EDC674F8}.Release|Any CPU.Build.0 = Release|Any CPU
	EndGlobalSection
	GlobalSection(SolutionProperties) = preSolution
		HideSolutionNode = FALSE
	EndGlobalSection
	GlobalSection(ExtensibilityGlobals) = postSolution
		SolutionGuid = {1746FFEA-103E-4EC3-AFAC-20CEFD5C457B}
	EndGlobalSection
EndGlobal
